{
  "nodes": {
    "nixpkgs": {
      "locked": {
        "lastModified": 1666615827,
        "narHash": "sha256-oAf8l7eMEFjXMVsrQgHnRUeQbSrY/Amjm8xnUioNbJ8=",
        "owner": "NixOS",
        "repo": "nixpkgs",
        "rev": "f93f9f43c6b3347b2091a8a41421d31e84cb9275",
        "type": "github"
      },
      "original": {
        "owner": "NixOS",
        "ref": "nixos-unstable-small",
        "repo": "nixpkgs",
        "type": "github"
      }
    },
    "root": {
      "inputs": {
        "nixpkgs": "nixpkgs"
      }
    }
  },
  "root": "root",
  "version": 7
}
